
Microsoft Visual Studio Solution File, Format Version 12.00
# Visual Studio Version 17
VisualStudioVersion = 17.8.34316.72
MinimumVisualStudioVersion = 10.0.40219.1
Project("{FAE04EC0-301F-11D3-BF4B-00C04F79EFBC}") = "Öğrenci_Otomasyonu", "Öğrenci_Otomasyonu.csproj", "{0C00D3CD-635F-4796-9752-E82CDE6D75E4}"
EndProject
Global
	GlobalSection(SolutionConfigurationPlatforms) = preSolution
		Debug|Any CPU = Debug|Any CPU
		Release|Any CPU = Release|Any CPU
	EndGlobalSection
	GlobalSection(ProjectConfigurationPlatforms) = postSolution
		{0C00D3CD-635F-4796-9752-E82CDE6D75E4}.Debug|Any CPU.ActiveCfg = Debug|Any CPU
		{0C00D3CD-635F-4796-9752-E82CDE6D75E4}.Debug|Any CPU.Build.0 = Debug|Any CPU
		{0C00D3CD-635F-4796-9752-E82CDE6D75E4}.Release|Any CPU.ActiveCfg = Release|Any CPU
		{0C00D3CD-635F-4796-9752-E82CDE6D75E4}.Release|Any CPU.Build.0 = Release|Any CPU
	EndGlobalSection
	GlobalSection(SolutionProperties) = preSolution
		HideSolutionNode = FALSE
	EndGlobalSection
	GlobalSection(ExtensibilityGlobals) = postSolution
		SolutionGuid = {1F8C4182-C7D4-414B-B2AC-8E8015E8D20A}
	EndGlobalSection
EndGlobal
